{
  "name": "@types/expo",
  "version": "0.1.1",
  "lockfileVersion": 1,
  "requires": true,
  "dependencies": {
    "@types/react": {
      "version": "16.0.27",
      "resolved": "https://registry.npmjs.org/@types/react/-/react-16.0.27.tgz",
      "integrity": "sha512-7lGRcNEI0Iit54ferTJvsNQdY7m97fQmmhFT/3lxpC31b/qshkDoIKTXcVMLteVEza4F+ReEyZIZqSuk4LRb4A==",
      "dev": true
    },
    "@types/react-native": {
      "version": "0.50.8",
      "resolved": "https://registry.npmjs.org/@types/react-native/-/react-native-0.50.8.tgz",
      "integrity": "sha512-lbNKwRiMDbt71EwBmaZKyIbAYChFCJL6ZpoKNaCsDLS3gg2rTHDUM0pZjZdbKcG3CqfCEyqGbhlgE/2pLCEUaQ==",
      "dev": true,
      "requires": {
        "@types/react": "16.0.27"
      }
    }
  }
}
